{
  "name": "edgepointlearning.com",
  "lockfileVersion": 2,
  "requires": true,
  "packages": {
    "": {
      "devDependencies": {
        "foundation-sites": "^6.6.3",
        "instant.page": "^5.1.0",
        "jquery": "^3.5.1",
        "lazysizes": "^5.3.0",
        "motion-ui": "^2.0.3",
        "netlify-plugin-jekyll-cache": "^1.0.0",
        "what-input": "^5.2.10"
      }
    },
    "node_modules/foundation-sites": {
      "version": "6.7.4",
      "resolved": "https://registry.npmjs.org/foundation-sites/-/foundation-sites-6.7.4.tgz",
      "integrity": "sha512-2QPaZJ0Od0DyklhQyKC3zPbr8AAUXSkr1scZJrQTgj/KTLresuCgUBfi7ft32NlOWhuqVXisjOgTE8N5EPS3cg==",
      "dev": true,
      "engines": {
        "node": ">=12.0"
      },
      "peerDependencies": {
        "jquery": ">=3.6.0",
        "motion-ui": "latest",
        "what-input": ">=5.2.10"
      }
    },
    "node_modules/instant.page": {
      "version": "5.1.0",
      "resolved": "https://registry.npmjs.org/instant.page/-/instant.page-5.1.0.tgz",
      "integrity": "sha512-7tz0vkrbj6rN08+C56UDTs1Z71ATPNjMv2eCFaYnIIn3jlkEF6HZCaUtsigjaN2hVaYiuu06vu1usDMnu+OEFg==",
      "dev": true
    },
    "node_modules/jquery": {
      "version": "3.6.0",
      "resolved": "https://registry.npmjs.org/jquery/-/jquery-3.6.0.tgz",
      "integrity": "sha512-JVzAR/AjBvVt2BmYhxRCSYysDsPcssdmTFnzyLEts9qNwmjmu4JTAMYubEfwVOSwpQ1I1sKKFcxhZCI2buerfw==",
      "dev": true
    },
    "node_modules/lazysizes": {
      "version": "5.3.2",
      "resolved": "https://registry.npmjs.org/lazysizes/-/lazysizes-5.3.2.tgz",
      "integrity": "sha512-22UzWP+Vedi/sMeOr8O7FWimRVtiNJV2HCa+V8+peZOw6QbswN9k58VUhd7i6iK5bw5QkYrF01LJbeJe0PV8jg==",
      "dev": true
    },
    "node_modules/motion-ui": {
      "version": "2.0.3",
      "resolved": "https://registry.npmjs.org/motion-ui/-/motion-ui-2.0.3.tgz",
      "integrity": "sha512-f9xzh/hbZTUYjk4M7y1aDcsiPTfqUbuvCv/+If05TSIBEJMu3hGBU+YSe9csQPP7WBBHXxjossEygM/TJo2enw==",
      "dev": true,
      "peerDependencies": {
        "jquery": ">=2.2.0"
      }
    },
    "node_modules/netlify-plugin-jekyll-cache": {
      "version": "1.0.0",
      "resolved": "https://registry.npmjs.org/netlify-plugin-jekyll-cache/-/netlify-plugin-jekyll-cache-1.0.0.tgz",
      "integrity": "sha512-OD2UNImwBZI20rrc0PbHvrZNW8NJgBP6GjNEQ4G0QX+V+KOftycxydfY5o/mIvAGlaf114zWAtqV/XF3CA8ulw==",
      "dev": true
    },
    "node_modules/what-input": {
      "version": "5.2.10",
      "resolved": "https://registry.npmjs.org/what-input/-/what-input-5.2.10.tgz",
      "integrity": "sha512-7AQoIMGq7uU8esmKniOtZG3A+pzlwgeyFpkS3f/yzRbxknSL68tvn5gjE6bZ4OMFxCPjpaBd2udUTqlZ0HwrXQ==",
      "dev": true
    }
  },
  "dependencies": {
    "foundation-sites": {
      "version": "6.7.4",
      "resolved": "https://registry.npmjs.org/foundation-sites/-/foundation-sites-6.7.4.tgz",
      "integrity": "sha512-2QPaZJ0Od0DyklhQyKC3zPbr8AAUXSkr1scZJrQTgj/KTLresuCgUBfi7ft32NlOWhuqVXisjOgTE8N5EPS3cg==",
      "dev": true,
      "requires": {}
    },
    "instant.page": {
      "version": "5.1.0",
      "resolved": "https://registry.npmjs.org/instant.page/-/instant.page-5.1.0.tgz",
      "integrity": "sha512-7tz0vkrbj6rN08+C56UDTs1Z71ATPNjMv2eCFaYnIIn3jlkEF6HZCaUtsigjaN2hVaYiuu06vu1usDMnu+OEFg==",
      "dev": true
    },
    "jquery": {
      "version": "3.6.0",
      "resolved": "https://registry.npmjs.org/jquery/-/jquery-3.6.0.tgz",
      "integrity": "sha512-JVzAR/AjBvVt2BmYhxRCSYysDsPcssdmTFnzyLEts9qNwmjmu4JTAMYubEfwVOSwpQ1I1sKKFcxhZCI2buerfw==",
      "dev": true
    },
    "lazysizes": {
      "version": "5.3.2",
      "resolved": "https://registry.npmjs.org/lazysizes/-/lazysizes-5.3.2.tgz",
      "integrity": "sha512-22UzWP+Vedi/sMeOr8O7FWimRVtiNJV2HCa+V8+peZOw6QbswN9k58VUhd7i6iK5bw5QkYrF01LJbeJe0PV8jg==",
      "dev": true
    },
    "motion-ui": {
      "version": "2.0.3",
      "resolved": "https://registry.npmjs.org/motion-ui/-/motion-ui-2.0.3.tgz",
      "integrity": "sha512-f9xzh/hbZTUYjk4M7y1aDcsiPTfqUbuvCv/+If05TSIBEJMu3hGBU+YSe9csQPP7WBBHXxjossEygM/TJo2enw==",
      "dev": true,
      "requires": {}
    },
    "netlify-plugin-jekyll-cache": {
      "version": "1.0.0",
      "resolved": "https://registry.npmjs.org/netlify-plugin-jekyll-cache/-/netlify-plugin-jekyll-cache-1.0.0.tgz",
      "integrity": "sha512-OD2UNImwBZI20rrc0PbHvrZNW8NJgBP6GjNEQ4G0QX+V+KOftycxydfY5o/mIvAGlaf114zWAtqV/XF3CA8ulw==",
      "dev": true
    },
    "what-input": {
      "version": "5.2.10",
      "resolved": "https://registry.npmjs.org/what-input/-/what-input-5.2.10.tgz",
      "integrity": "sha512-7AQoIMGq7uU8esmKniOtZG3A+pzlwgeyFpkS3f/yzRbxknSL68tvn5gjE6bZ4OMFxCPjpaBd2udUTqlZ0HwrXQ==",
      "dev": true
    }
  }
}
